
Microsoft Visual Studio Solution File, Format Version 12.00
# Visual Studio Version 16
VisualStudioVersion = 16.0.31005.135
MinimumVisualStudioVersion = 10.0.40219.1
Project("{9A19103F-16F7-4668-BE54-9A1E7A4F7556}") = "NetCoreAPI", "NetCoreAPI\NetCoreAPI.csproj", "{C9A4B632-81A7-4B93-BB92-6A5FF3223A98}"
EndProject
Project("{9A19103F-16F7-4668-BE54-9A1E7A4F7556}") = "Domain", "Domain\Domain.csproj", "{5C0EE9E3-C647-4607-8AA6-516EF492EA81}"
EndProject
Project("{9A19103F-16F7-4668-BE54-9A1E7A4F7556}") = "CrossCutting", "CrossCutting\CrossCutting.csproj", "{23B106A0-687C-4E20-9834-8B51923CD57A}"
EndProject
Project("{9A19103F-16F7-4668-BE54-9A1E7A4F7556}") = "Data", "Data\Data.csproj", "{C14004B3-A92D-426D-BEDF-EDA6EB78B0A7}"
EndProject
Project("{9A19103F-16F7-4668-BE54-9A1E7A4F7556}") = "Service", "Service\Service.csproj", "{06692393-4816-4C13-8756-70242C536F3C}"
EndProject
Project("{2150E333-8FDC-42A3-9474-1A3956D46DE8}") = "Api.Domain", "Api.Domain", "{83C493C5-E01D-4717-A105-43B322D63696}"
EndProject
Project("{2150E333-8FDC-42A3-9474-1A3956D46DE8}") = "Api.Data", "Api.Data", "{E8751FD9-A098-4E06-A480-3B038A85D795}"
EndProject
Global
	GlobalSection(SolutionConfigurationPlatforms) = preSolution
		Debug|Any CPU = Debug|Any CPU
		Release|Any CPU = Release|Any CPU
	EndGlobalSection
	GlobalSection(ProjectConfigurationPlatforms) = postSolution
		{C9A4B632-81A7-4B93-BB92-6A5FF3223A98}.Debug|Any CPU.ActiveCfg = Debug|Any CPU
		{C9A4B632-81A7-4B93-BB92-6A5FF3223A98}.Debug|Any CPU.Build.0 = Debug|Any CPU
		{C9A4B632-81A7-4B93-BB92-6A5FF3223A98}.Release|Any CPU.ActiveCfg = Release|Any CPU
		{C9A4B632-81A7-4B93-BB92-6A5FF3223A98}.Release|Any CPU.Build.0 = Release|Any CPU
		{5C0EE9E3-C647-4607-8AA6-516EF492EA81}.Debug|Any CPU.ActiveCfg = Debug|Any CPU
		{5C0EE9E3-C647-4607-8AA6-516EF492EA81}.Debug|Any CPU.Build.0 = Debug|Any CPU
		{5C0EE9E3-C647-4607-8AA6-516EF492EA81}.Release|Any CPU.ActiveCfg = Release|Any CPU
		{5C0EE9E3-C647-4607-8AA6-516EF492EA81}.Release|Any CPU.Build.0 = Release|Any CPU
		{23B106A0-687C-4E20-9834-8B51923CD57A}.Debug|Any CPU.ActiveCfg = Debug|Any CPU
		{23B106A0-687C-4E20-9834-8B51923CD57A}.Debug|Any CPU.Build.0 = Debug|Any CPU
		{23B106A0-687C-4E20-9834-8B51923CD57A}.Release|Any CPU.ActiveCfg = Release|Any CPU
		{23B106A0-687C-4E20-9834-8B51923CD57A}.Release|Any CPU.Build.0 = Release|Any CPU
		{C14004B3-A92D-426D-BEDF-EDA6EB78B0A7}.Debug|Any CPU.ActiveCfg = Debug|Any CPU
		{C14004B3-A92D-426D-BEDF-EDA6EB78B0A7}.Debug|Any CPU.Build.0 = Debug|Any CPU
		{C14004B3-A92D-426D-BEDF-EDA6EB78B0A7}.Release|Any CPU.ActiveCfg = Release|Any CPU
		{C14004B3-A92D-426D-BEDF-EDA6EB78B0A7}.Release|Any CPU.Build.0 = Release|Any CPU
		{06692393-4816-4C13-8756-70242C536F3C}.Debug|Any CPU.ActiveCfg = Debug|Any CPU
		{06692393-4816-4C13-8756-70242C536F3C}.Debug|Any CPU.Build.0 = Debug|Any CPU
		{06692393-4816-4C13-8756-70242C536F3C}.Release|Any CPU.ActiveCfg = Release|Any CPU
		{06692393-4816-4C13-8756-70242C536F3C}.Release|Any CPU.Build.0 = Release|Any CPU
	EndGlobalSection
	GlobalSection(SolutionProperties) = preSolution
		HideSolutionNode = FALSE
	EndGlobalSection
	GlobalSection(NestedProjects) = preSolution
		{5C0EE9E3-C647-4607-8AA6-516EF492EA81} = {83C493C5-E01D-4717-A105-43B322D63696}
		{C14004B3-A92D-426D-BEDF-EDA6EB78B0A7} = {E8751FD9-A098-4E06-A480-3B038A85D795}
	EndGlobalSection
	GlobalSection(ExtensibilityGlobals) = postSolution
		SolutionGuid = {1603B0CB-D96F-4F56-A3D5-BC0D4B71631F}
	EndGlobalSection
EndGlobal
